// !$*UTF8*$!
{
	archiveVersion = 1;
	classes = {
	};
	objectVersion = 50;
	objects = {

/* Begin PBXBuildFile section */
		0227D0BF2243E4A600F5BEDE /* AppDelegate.swift in Sources */ = {isa = PBXBuildFile; fileRef = 0227D0BE2243E4A600F5BEDE /* AppDelegate.swift */; };
		0227D0C62243E4A600F5BEDE /* Main.storyboard in Resources */ = {isa = PBXBuildFile; fileRef = 0227D0C42243E4A600F5BEDE /* Main.storyboard */; };
		0227D0C82243E4B100F5BEDE /* Assets.xcassets in Resources */ = {isa = PBXBuildFile; fileRef = 0227D0C72243E4B100F5BEDE /* Assets.xcassets */; };
		0227D0CB2243E4B100F5BEDE /* LaunchScreen.storyboard in Resources */ = {isa = PBXBuildFile; fileRef = 0227D0C92243E4B100F5BEDE /* LaunchScreen.storyboard */; };
		0227D0D62243F39800F5BEDE /* Calanques.swift in Sources */ = {isa = PBXBuildFile; fileRef = 0227D0D52243F39800F5BEDE /* Calanques.swift */; };
		0227D0D82243F5EC00F5BEDE /* CalanqueCollection.swift in Sources */ = {isa = PBXBuildFile; fileRef = 0227D0D72243F5EC00F5BEDE /* CalanqueCollection.swift */; };
		0227D0DE2243FE0200F5BEDE /* Class.swift in Sources */ = {isa = PBXBuildFile; fileRef = 0227D0DD2243FE0200F5BEDE /* Class.swift */; };
		0227D0E02244035300F5BEDE /* ControllerAvecTableView.swift in Sources */ = {isa = PBXBuildFile; fileRef = 0227D0DF2244035300F5BEDE /* ControllerAvecTableView.swift */; };
		0227D0E22244038000F5BEDE /* ControllerAvecCarte.swift in Sources */ = {isa = PBXBuildFile; fileRef = 0227D0E12244038000F5BEDE /* ControllerAvecCarte.swift */; };
		0227D0E4224403DD00F5BEDE /* TableViewIntegreController.swift in Sources */ = {isa = PBXBuildFile; fileRef = 0227D0E3224403DD00F5BEDE /* TableViewIntegreController.swift */; };
		0227D0E622442F2400F5BEDE /* CalanqueCell.swift in Sources */ = {isa = PBXBuildFile; fileRef = 0227D0E522442F2400F5BEDE /* CalanqueCell.swift */; };
		0227D0E82244402700F5BEDE /* ImageRonde.swift in Sources */ = {isa = PBXBuildFile; fileRef = 0227D0E72244402700F5BEDE /* ImageRonde.swift */; };
		0227D0EA2244599500F5BEDE /* CalanqueCellAlternative.swift in Sources */ = {isa = PBXBuildFile; fileRef = 0227D0E92244599500F5BEDE /* CalanqueCellAlternative.swift */; };
		0227D0EC22446F5400F5BEDE /* DetailController.swift in Sources */ = {isa = PBXBuildFile; fileRef = 0227D0EB22446F5400F5BEDE /* DetailController.swift */; };
/* End PBXBuildFile section */

/* Begin PBXFileReference section */
		0227D0BB2243E4A600F5BEDE /* Les Calanques.app */ = {isa = PBXFileReference; explicitFileType = wrapper.application; includeInIndex = 0; path = "Les Calanques.app"; sourceTree = BUILT_PRODUCTS_DIR; };
		0227D0BE2243E4A600F5BEDE /* AppDelegate.swift */ = {isa = PBXFileReference; lastKnownFileType = sourcecode.swift; path = AppDelegate.swift; sourceTree = "<group>"; };
		0227D0C52243E4A600F5BEDE /* Base */ = {isa = PBXFileReference; lastKnownFileType = file.storyboard; name = Base; path = Base.lproj/Main.storyboard; sourceTree = "<group>"; };
		0227D0C72243E4B100F5BEDE /* Assets.xcassets */ = {isa = PBXFileReference; lastKnownFileType = folder.assetcatalog; path = Assets.xcassets; sourceTree = "<group>"; };
		0227D0CA2243E4B100F5BEDE /* Base */ = {isa = PBXFileReference; lastKnownFileType = file.storyboard; name = Base; path = Base.lproj/LaunchScreen.storyboard; sourceTree = "<group>"; };
		0227D0CC2243E4B100F5BEDE /* Info.plist */ = {isa = PBXFileReference; lastKnownFileType = text.plist.xml; path = Info.plist; sourceTree = "<group>"; };
		0227D0D52243F39800F5BEDE /* Calanques.swift */ = {isa = PBXFileReference; lastKnownFileType = sourcecode.swift; path = Calanques.swift; sourceTree = "<group>"; };
		0227D0D72243F5EC00F5BEDE /* CalanqueCollection.swift */ = {isa = PBXFileReference; lastKnownFileType = sourcecode.swift; path = CalanqueCollection.swift; sourceTree = "<group>"; };
		0227D0DD2243FE0200F5BEDE /* Class.swift */ = {isa = PBXFileReference; lastKnownFileType = sourcecode.swift; path = Class.swift; sourceTree = "<group>"; };
		0227D0DF2244035300F5BEDE /* ControllerAvecTableView.swift */ = {isa = PBXFileReference; lastKnownFileType = sourcecode.swift; path = ControllerAvecTableView.swift; sourceTree = "<group>"; };
		0227D0E12244038000F5BEDE /* ControllerAvecCarte.swift */ = {isa = PBXFileReference; lastKnownFileType = sourcecode.swift; path = ControllerAvecCarte.swift; sourceTree = "<group>"; };
		0227D0E3224403DD00F5BEDE /* TableViewIntegreController.swift */ = {isa = PBXFileReference; lastKnownFileType = sourcecode.swift; path = TableViewIntegreController.swift; sourceTree = "<group>"; };
		0227D0E522442F2400F5BEDE /* CalanqueCell.swift */ = {isa = PBXFileReference; lastKnownFileType = sourcecode.swift; path = CalanqueCell.swift; sourceTree = "<group>"; };
		0227D0E72244402700F5BEDE /* ImageRonde.swift */ = {isa = PBXFileReference; lastKnownFileType = sourcecode.swift; path = ImageRonde.swift; sourceTree = "<group>"; };
		0227D0E92244599500F5BEDE /* CalanqueCellAlternative.swift */ = {isa = PBXFileReference; lastKnownFileType = sourcecode.swift; path = CalanqueCellAlternative.swift; sourceTree = "<group>"; };
		0227D0EB22446F5400F5BEDE /* DetailController.swift */ = {isa = PBXFileReference; lastKnownFileType = sourcecode.swift; path = DetailController.swift; sourceTree = "<group>"; };
/* End PBXFileReference section */

/* Begin PBXFrameworksBuildPhase section */
		0227D0B82243E4A600F5BEDE /* Frameworks */ = {
			isa = PBXFrameworksBuildPhase;
			buildActionMask = 2147483647;
			files = (
			);
			runOnlyForDeploymentPostprocessing = 0;
		};
/* End PBXFrameworksBuildPhase section */

/* Begin PBXGroup section */
		0227D0B22243E4A600F5BEDE = {
			isa = PBXGroup;
			children = (
				0227D0DA2243FDC000F5BEDE /* Demos */,
				0227D0D92243FA5800F5BEDE /* DygitarLibrary */,
				0227D0BD2243E4A600F5BEDE /* Les Calanques */,
				0227D0BC2243E4A600F5BEDE /* Products */,
			);
			sourceTree = "<group>";
		};
		0227D0BC2243E4A600F5BEDE /* Products */ = {
			isa = PBXGroup;
			children = (
				0227D0BB2243E4A600F5BEDE /* Les Calanques.app */,
			);
			name = Products;
			sourceTree = "<group>";
		};
		0227D0BD2243E4A600F5BEDE /* Les Calanques */ = {
			isa = PBXGroup;
			children = (
				0227D0D22243F21E00F5BEDE /* Model */,
				0227D0D32243F22900F5BEDE /* View */,
				0227D0D42243F23200F5BEDE /* Controller */,
				0227D0BE2243E4A600F5BEDE /* AppDelegate.swift */,
				0227D0C42243E4A600F5BEDE /* Main.storyboard */,
				0227D0C72243E4B100F5BEDE /* Assets.xcassets */,
				0227D0C92243E4B100F5BEDE /* LaunchScreen.storyboard */,
				0227D0CC2243E4B100F5BEDE /* Info.plist */,
			);
			path = "Les Calanques";
			sourceTree = "<group>";
		};
		0227D0D22243F21E00F5BEDE /* Model */ = {
			isa = PBXGroup;
			children = (
				0227D0D52243F39800F5BEDE /* Calanques.swift */,
				0227D0D72243F5EC00F5BEDE /* CalanqueCollection.swift */,
			);
			path = Model;
			sourceTree = "<group>";
		};
		0227D0D32243F22900F5BEDE /* View */ = {
			isa = PBXGroup;
			children = (
				0227D0E522442F2400F5BEDE /* CalanqueCell.swift */,
				0227D0E92244599500F5BEDE /* CalanqueCellAlternative.swift */,
				0227D0E72244402700F5BEDE /* ImageRonde.swift */,
			);
			path = View;
			sourceTree = "<group>";
		};
		0227D0D42243F23200F5BEDE /* Controller */ = {
			isa = PBXGroup;
			children = (
				0227D0DF2244035300F5BEDE /* ControllerAvecTableView.swift */,
				0227D0E12244038000F5BEDE /* ControllerAvecCarte.swift */,
				0227D0E3224403DD00F5BEDE /* TableViewIntegreController.swift */,
				0227D0EB22446F5400F5BEDE /* DetailController.swift */,
			);
			path = Controller;
			sourceTree = "<group>";
		};
		0227D0D92243FA5800F5BEDE /* DygitarLibrary */ = {
			isa = PBXGroup;
			children = (
			);
			path = DygitarLibrary;
			sourceTree = "<group>";
		};
		0227D0DA2243FDC000F5BEDE /* Demos */ = {
			isa = PBXGroup;
			children = (
				0227D0DD2243FE0200F5BEDE /* Class.swift */,
			);
			path = Demos;
			sourceTree = "<group>";
		};
/* End PBXGroup section */

/* Begin PBXNativeTarget section */
		0227D0BA2243E4A600F5BEDE /* Les Calanques */ = {
			isa = PBXNativeTarget;
			buildConfigurationList = 0227D0CF2243E4B100F5BEDE /* Build configuration list for PBXNativeTarget "Les Calanques" */;
			buildPhases = (
				0227D0B72243E4A600F5BEDE /* Sources */,
				0227D0B82243E4A600F5BEDE /* Frameworks */,
				0227D0B92243E4A600F5BEDE /* Resources */,
			);
			buildRules = (
			);
			dependencies = (
			);
			name = "Les Calanques";
			productName = "Les Calanques";
			productReference = 0227D0BB2243E4A600F5BEDE /* Les Calanques.app */;
			productType = "com.apple.product-type.application";
		};
/* End PBXNativeTarget section */

/* Begin PBXProject section */
		0227D0B32243E4A600F5BEDE /* Project object */ = {
			isa = PBXProject;
			attributes = {
				LastSwiftUpdateCheck = 1010;
				LastUpgradeCheck = 1010;
				ORGANIZATIONNAME = Dygitar;
				TargetAttributes = {
					0227D0BA2243E4A600F5BEDE = {
						CreatedOnToolsVersion = 10.1;
					};
				};
			};
			buildConfigurationList = 0227D0B62243E4A600F5BEDE /* Build configuration list for PBXProject "Les Calanques" */;
			compatibilityVersion = "Xcode 9.3";
			developmentRegion = en;
			hasScannedForEncodings = 0;
			knownRegions = (
				en,
				Base,
			);
			mainGroup = 0227D0B22243E4A600F5BEDE;
			productRefGroup = 0227D0BC2243E4A600F5BEDE /* Products */;
			projectDirPath = "";
			projectRoot = "";
			targets = (
				0227D0BA2243E4A600F5BEDE /* Les Calanques */,
			);
		};
/* End PBXProject section */

/* Begin PBXResourcesBuildPhase section */
		0227D0B92243E4A600F5BEDE /* Resources */ = {
			isa = PBXResourcesBuildPhase;
			buildActionMask = 2147483647;
			files = (
				0227D0CB2243E4B100F5BEDE /* LaunchScreen.storyboard in Resources */,
				0227D0C82243E4B100F5BEDE /* Assets.xcassets in Resources */,
				0227D0C62243E4A600F5BEDE /* Main.storyboard in Resources */,
			);
			runOnlyForDeploymentPostprocessing = 0;
		};
/* End PBXResourcesBuildPhase section */

/* Begin PBXSourcesBuildPhase section */
		0227D0B72243E4A600F5BEDE /* Sources */ = {
			isa = PBXSourcesBuildPhase;
			buildActionMask = 2147483647;
			files = (
				0227D0DE2243FE0200F5BEDE /* Class.swift in Sources */,
				0227D0EA2244599500F5BEDE /* CalanqueCellAlternative.swift in Sources */,
				0227D0EC22446F5400F5BEDE /* DetailController.swift in Sources */,
				0227D0E4224403DD00F5BEDE /* TableViewIntegreController.swift in Sources */,
				0227D0E02244035300F5BEDE /* ControllerAvecTableView.swift in Sources */,
				0227D0BF2243E4A600F5BEDE /* AppDelegate.swift in Sources */,
				0227D0D82243F5EC00F5BEDE /* CalanqueCollection.swift in Sources */,
				0227D0E22244038000F5BEDE /* ControllerAvecCarte.swift in Sources */,
				0227D0E82244402700F5BEDE /* ImageRonde.swift in Sources */,
				0227D0D62243F39800F5BEDE /* Calanques.swift in Sources */,
				0227D0E622442F2400F5BEDE /* CalanqueCell.swift in Sources */,
			);
			runOnlyForDeploymentPostprocessing = 0;
		};
/* End PBXSourcesBuildPhase section */

/* Begin PBXVariantGroup section */
		0227D0C42243E4A600F5BEDE /* Main.storyboard */ = {
			isa = PBXVariantGroup;
			children = (
				0227D0C52243E4A600F5BEDE /* Base */,
			);
			name = Main.storyboard;
			sourceTree = "<group>";
		};
		0227D0C92243E4B100F5BEDE /* LaunchScreen.storyboard */ = {
			isa = PBXVariantGroup;
			children = (
				0227D0CA2243E4B100F5BEDE /* Base */,
			);
			name = LaunchScreen.storyboard;
			sourceTree = "<group>";
		};
/* End PBXVariantGroup section */

/* Begin XCBuildConfiguration section */
		0227D0CD2243E4B100F5BEDE /* Debug */ = {
			isa = XCBuildConfiguration;
			buildSettings = {
				ALWAYS_SEARCH_USER_PATHS = NO;
				CLANG_ANALYZER_NONNULL = YES;
				CLANG_ANALYZER_NUMBER_OBJECT_CONVERSION = YES_AGGRESSIVE;
				CLANG_CXX_LANGUAGE_STANDARD = "gnu++14";
				CLANG_CXX_LIBRARY = "libc++";
				CLANG_ENABLE_MODULES = YES;
				CLANG_ENABLE_OBJC_ARC = YES;
				CLANG_ENABLE_OBJC_WEAK = YES;
				CLANG_WARN_BLOCK_CAPTURE_AUTORELEASING = YES;
				CLANG_WARN_BOOL_CONVERSION = YES;
				CLANG_WARN_COMMA = YES;
				CLANG_WARN_CONSTANT_CONVERSION = YES;
				CLANG_WARN_DEPRECATED_OBJC_IMPLEMENTATIONS = YES;
				CLANG_WARN_DIRECT_OBJC_ISA_USAGE = YES_ERROR;
				CLANG_WARN_DOCUMENTATION_COMMENTS = YES;
				CLANG_WARN_EMPTY_BODY = YES;
				CLANG_WARN_ENUM_CONVERSION = YES;
				CLANG_WARN_INFINITE_RECURSION = YES;
				CLANG_WARN_INT_CONVERSION = YES;
				CLANG_WARN_NON_LITERAL_NULL_CONVERSION = YES;
				CLANG_WARN_OBJC_IMPLICIT_RETAIN_SELF = YES;
				CLANG_WARN_OBJC_LITERAL_CONVERSION = YES;
				CLANG_WARN_OBJC_ROOT_CLASS = YES_ERROR;
				CLANG_WARN_RANGE_LOOP_ANALYSIS = YES;
				CLANG_WARN_STRICT_PROTOTYPES = YES;
				CLANG_WARN_SUSPICIOUS_MOVE = YES;
				CLANG_WARN_UNGUARDED_AVAILABILITY = YES_AGGRESSIVE;
				CLANG_WARN_UNREACHABLE_CODE = YES;
				CLANG_WARN__DUPLICATE_METHOD_MATCH = YES;
				CODE_SIGN_IDENTITY = "iPhone Developer";
				COPY_PHASE_STRIP = NO;
				DEBUG_INFORMATION_FORMAT = dwarf;
				ENABLE_STRICT_OBJC_MSGSEND = YES;
				ENABLE_TESTABILITY = YES;
				GCC_C_LANGUAGE_STANDARD = gnu11;
				GCC_DYNAMIC_NO_PIC = NO;
				GCC_NO_COMMON_BLOCKS = YES;
				GCC_OPTIMIZATION_LEVEL = 0;
				GCC_PREPROCESSOR_DEFINITIONS = (
					"DEBUG=1",
					"$(inherited)",
				);
				GCC_WARN_64_TO_32_BIT_CONVERSION = YES;
				GCC_WARN_ABOUT_RETURN_TYPE = YES_ERROR;
				GCC_WARN_UNDECLARED_SELECTOR = YES;
				GCC_WARN_UNINITIALIZED_AUTOS = YES_AGGRESSIVE;
				GCC_WARN_UNUSED_FUNCTION = YES;
				GCC_WARN_UNUSED_VARIABLE = YES;
				IPHONEOS_DEPLOYMENT_TARGET = 12.1;
				MTL_ENABLE_DEBUG_INFO = INCLUDE_SOURCE;
				MTL_FAST_MATH = YES;
				ONLY_ACTIVE_ARCH = YES;
				SDKROOT = iphoneos;
				SWIFT_ACTIVE_COMPILATION_CONDITIONS = DEBUG;
				SWIFT_OPTIMIZATION_LEVEL = "-Onone";
			};
			name = Debug;
		};
		0227D0CE2243E4B100F5BEDE /* Release */ = {
			isa = XCBuildConfiguration;
			buildSettings = {
				ALWAYS_SEARCH_USER_PATHS = NO;
				CLANG_ANALYZER_NONNULL = YES;
				CLANG_ANALYZER_NUMBER_OBJECT_CONVERSION = YES_AGGRESSIVE;
				CLANG_CXX_LANGUAGE_STANDARD = "gnu++14";
				CLANG_CXX_LIBRARY = "libc++";
				CLANG_ENABLE_MODULES = YES;
				CLANG_ENABLE_OBJC_ARC = YES;
				CLANG_ENABLE_OBJC_WEAK = YES;
				CLANG_WARN_BLOCK_CAPTURE_AUTORELEASING = YES;
				CLANG_WARN_BOOL_CONVERSION = YES;
				CLANG_WARN_COMMA = YES;
				CLANG_WARN_CONSTANT_CONVERSION = YES;
				CLANG_WARN_DEPRECATED_OBJC_IMPLEMENTATIONS = YES;
				CLANG_WARN_DIRECT_OBJC_ISA_USAGE = YES_ERROR;
				CLANG_WARN_DOCUMENTATION_COMMENTS = YES;
				CLANG_WARN_EMPTY_BODY = YES;
				CLANG_WARN_ENUM_CONVERSION = YES;
				CLANG_WARN_INFINITE_RECURSION = YES;
				CLANG_WARN_INT_CONVERSION = YES;
				CLANG_WARN_NON_LITERAL_NULL_CONVERSION = YES;
				CLANG_WARN_OBJC_IMPLICIT_RETAIN_SELF = YES;
				CLANG_WARN_OBJC_LITERAL_CONVERSION = YES;
				CLANG_WARN_OBJC_ROOT_CLASS = YES_ERROR;
				CLANG_WARN_RANGE_LOOP_ANALYSIS = YES;
				CLANG_WARN_STRICT_PROTOTYPES = YES;
				CLANG_WARN_SUSPICIOUS_MOVE = YES;
				CLANG_WARN_UNGUARDED_AVAILABILITY = YES_AGGRESSIVE;
				CLANG_WARN_UNREACHABLE_CODE = YES;
				CLANG_WARN__DUPLICATE_METHOD_MATCH = YES;
				CODE_SIGN_IDENTITY = "iPhone Developer";
				COPY_PHASE_STRIP = NO;
				DEBUG_INFORMATION_FORMAT = "dwarf-with-dsym";
				ENABLE_NS_ASSERTIONS = NO;
				ENABLE_STRICT_OBJC_MSGSEND = YES;
				GCC_C_LANGUAGE_STANDARD = gnu11;
				GCC_NO_COMMON_BLOCKS = YES;
				GCC_WARN_64_TO_32_BIT_CONVERSION = YES;
				GCC_WARN_ABOUT_RETURN_TYPE = YES_ERROR;
				GCC_WARN_UNDECLARED_SELECTOR = YES;
				GCC_WARN_UNINITIALIZED_AUTOS = YES_AGGRESSIVE;
				GCC_WARN_UNUSED_FUNCTION = YES;
				GCC_WARN_UNUSED_VARIABLE = YES;
				IPHONEOS_DEPLOYMENT_TARGET = 12.1;
				MTL_ENABLE_DEBUG_INFO = NO;
				MTL_FAST_MATH = YES;
				SDKROOT = iphoneos;
				SWIFT_COMPILATION_MODE = wholemodule;
				SWIFT_OPTIMIZATION_LEVEL = "-O";
				VALIDATE_PRODUCT = YES;
			};
			name = Release;
		};
		0227D0D02243E4B100F5BEDE /* Debug */ = {
			isa = XCBuildConfiguration;
			buildSettings = {
				ASSETCATALOG_COMPILER_APPICON_NAME = AppIcon;
				CODE_SIGN_STYLE = Automatic;
				DEVELOPMENT_TEAM = M5JXW4RMFP;
				INFOPLIST_FILE = "Les Calanques/Info.plist";
				LD_RUNPATH_SEARCH_PATHS = (
					"$(inherited)",
					"@executable_path/Frameworks",
				);
				PRODUCT_BUNDLE_IDENTIFIER = "com.dygitar.Les-Calanques";
				PRODUCT_NAME = "$(TARGET_NAME)";
				SWIFT_VERSION = 4.2;
				TARGETED_DEVICE_FAMILY = "1,2";
			};
			name = Debug;
		};
		0227D0D12243E4B100F5BEDE /* Release */ = {
			isa = XCBuildConfiguration;
			buildSettings = {
				ASSETCATALOG_COMPILER_APPICON_NAME = AppIcon;
				CODE_SIGN_STYLE = Automatic;
				DEVELOPMENT_TEAM = M5JXW4RMFP;
				INFOPLIST_FILE = "Les Calanques/Info.plist";
				LD_RUNPATH_SEARCH_PATHS = (
					"$(inherited)",
					"@executable_path/Frameworks",
				);
				PRODUCT_BUNDLE_IDENTIFIER = "com.dygitar.Les-Calanques";
				PRODUCT_NAME = "$(TARGET_NAME)";
				SWIFT_VERSION = 4.2;
				TARGETED_DEVICE_FAMILY = "1,2";
			};
			name = Release;
		};
/* End XCBuildConfiguration section */

/* Begin XCConfigurationList section */
		0227D0B62243E4A600F5BEDE /* Build configuration list for PBXProject "Les Calanques" */ = {
			isa = XCConfigurationList;
			buildConfigurations = (
				0227D0CD2243E4B100F5BEDE /* Debug */,
				0227D0CE2243E4B100F5BEDE /* Release */,
			);
			defaultConfigurationIsVisible = 0;
			defaultConfigurationName = Release;
		};
		0227D0CF2243E4B100F5BEDE /* Build configuration list for PBXNativeTarget "Les Calanques" */ = {
			isa = XCConfigurationList;
			buildConfigurations = (
				0227D0D02243E4B100F5BEDE /* Debug */,
				0227D0D12243E4B100F5BEDE /* Release */,
			);
			defaultConfigurationIsVisible = 0;
			defaultConfigurationName = Release;
		};
/* End XCConfigurationList section */
	};
	rootObject = 0227D0B32243E4A600F5BEDE /* Project object */;
}
